
Microsoft Visual Studio Solution File, Format Version 12.00
# Visual Studio Version 17
VisualStudioVersion = 17.12.35527.113
MinimumVisualStudioVersion = 10.0.40219.1
Project("{FAE04EC0-301F-11D3-BF4B-00C04F79EFBC}") = "Singleton", "Singleton\Singleton.csproj", "{58C4B03A-8144-467E-A005-F349F216C304}"
EndProject
Project("{FAE04EC0-301F-11D3-BF4B-00C04F79EFBC}") = "FactoryMethod", "..\FactoryMethod\FactoryMethod.csproj", "{FB533DB3-1B57-49C9-8853-2E0A4457D7E3}"
EndProject
Project("{FAE04EC0-301F-11D3-BF4B-00C04F79EFBC}") = "Decorator", "..\..\StructuralPatterns\Decorator\Decorator.csproj", "{9F5C4FAF-1033-4FA4-9859-9DCD2AE56B3D}"
EndProject
Project("{FAE04EC0-301F-11D3-BF4B-00C04F79EFBC}") = "StrategyPattern", "Strategy\StrategyPattern.csproj", "{5A63C052-1764-4A2C-8889-DCD784DDE630}"
EndProject
Project("{FAE04EC0-301F-11D3-BF4B-00C04F79EFBC}") = "AbstractFactoryPattern", "..\AbstractFactoryPattern\AbstractFactoryPattern.csproj", "{5261E790-9604-4686-9B81-F78C21F5A262}"
EndProject
Project("{FAE04EC0-301F-11D3-BF4B-00C04F79EFBC}") = "Builder", "..\Builder\Builder.csproj", "{059203B9-0CA0-4140-920B-0699593FD4DB}"
EndProject
Project("{2150E333-8FDC-42A3-9474-1A3956D46DE8}") = "CreationalPatterns", "CreationalPatterns", "{AEC9FE4F-0DA7-4411-B3DC-FBFE4429D6B4}"
EndProject
Project("{2150E333-8FDC-42A3-9474-1A3956D46DE8}") = "BehavioralPatterns", "BehavioralPatterns", "{961886B6-69FC-437D-AEA0-8BB9096B6E01}"
EndProject
Project("{2150E333-8FDC-42A3-9474-1A3956D46DE8}") = "StructuralPatterns", "StructuralPatterns", "{12CF6A55-5D25-4BC6-A35F-A49A4D9B17A5}"
EndProject
Project("{FAE04EC0-301F-11D3-BF4B-00C04F79EFBC}") = "Prototype", "..\Prototype\Prototype.csproj", "{C4656491-179E-4668-93B0-06C202F621F1}"
EndProject
Project("{FAE04EC0-301F-11D3-BF4B-00C04F79EFBC}") = "Command", "..\..\BehavioralPatterns\Command\Command.csproj", "{E8E71042-6D59-4BC1-A5DF-FBB4B4223C2E}"
EndProject
Project("{FAE04EC0-301F-11D3-BF4B-00C04F79EFBC}") = "State", "..\..\BehavioralPatterns\State\State.csproj", "{51CD2C1E-9E91-428F-823C-710BF67D71E7}"
EndProject
Project("{FAE04EC0-301F-11D3-BF4B-00C04F79EFBC}") = "Proxy", "..\..\StructuralPatterns\Proxy\Proxy.csproj", "{39A4DD2C-A71C-49C6-B772-0151D389AE39}"
EndProject
Project("{FAE04EC0-301F-11D3-BF4B-00C04F79EFBC}") = "AdapterPattern", "..\..\StructuralPatterns\AdapterPattern\AdapterPattern.csproj", "{34441D3D-9AE8-41A1-BCB5-AF3DFD3CA1CF}"
EndProject
Project("{FAE04EC0-301F-11D3-BF4B-00C04F79EFBC}") = "Observer", "..\..\BehavioralPatterns\Observer\Observer.csproj", "{A88AD5E8-6FA1-4DB1-B773-A8ECAE97DEB1}"
EndProject
Project("{FAE04EC0-301F-11D3-BF4B-00C04F79EFBC}") = "TemplateMethod", "..\..\BehavioralPatterns\TemplateMethod\TemplateMethod.csproj", "{613F16C4-3C7A-40CF-881C-2AC37E03CFFD}"
EndProject
Project("{FAE04EC0-301F-11D3-BF4B-00C04F79EFBC}") = "Mediator", "..\..\BehavioralPatterns\Mediator\Mediator.csproj", "{7E26895C-7C06-49ED-8999-75F268A066C3}"
EndProject
Project("{FAE04EC0-301F-11D3-BF4B-00C04F79EFBC}") = "Composite", "..\..\StructuralPatterns\Composite\Composite.csproj", "{F76D3DF3-CAC8-44EB-A7CA-872C8BEF9B95}"
EndProject
Project("{FAE04EC0-301F-11D3-BF4B-00C04F79EFBC}") = "MementoPattern", "..\..\BehavioralPatterns\Memento\MementoPattern.csproj", "{1A572052-3243-4516-ACAE-890FC1FDB1ED}"
EndProject
Project("{FAE04EC0-301F-11D3-BF4B-00C04F79EFBC}") = "IteratorPattern", "..\..\BehavioralPatterns\Iterator\IteratorPattern.csproj", "{B7762CFA-B32D-42E8-97D4-126829A894BD}"
EndProject
Project("{FAE04EC0-301F-11D3-BF4B-00C04F79EFBC}") = "Bridge", "..\..\StructuralPatterns\Bridge\Bridge.csproj", "{6D58A9B7-1842-4CFC-A866-010C97730F46}"
EndProject
Global
	GlobalSection(SolutionConfigurationPlatforms) = preSolution
		Debug|Any CPU = Debug|Any CPU
		Release|Any CPU = Release|Any CPU
	EndGlobalSection
	GlobalSection(ProjectConfigurationPlatforms) = postSolution
		{58C4B03A-8144-467E-A005-F349F216C304}.Debug|Any CPU.ActiveCfg = Debug|Any CPU
		{58C4B03A-8144-467E-A005-F349F216C304}.Debug|Any CPU.Build.0 = Debug|Any CPU
		{58C4B03A-8144-467E-A005-F349F216C304}.Release|Any CPU.ActiveCfg = Release|Any CPU
		{58C4B03A-8144-467E-A005-F349F216C304}.Release|Any CPU.Build.0 = Release|Any CPU
		{FB533DB3-1B57-49C9-8853-2E0A4457D7E3}.Debug|Any CPU.ActiveCfg = Debug|Any CPU
		{FB533DB3-1B57-49C9-8853-2E0A4457D7E3}.Debug|Any CPU.Build.0 = Debug|Any CPU
		{FB533DB3-1B57-49C9-8853-2E0A4457D7E3}.Release|Any CPU.ActiveCfg = Release|Any CPU
		{FB533DB3-1B57-49C9-8853-2E0A4457D7E3}.Release|Any CPU.Build.0 = Release|Any CPU
		{9F5C4FAF-1033-4FA4-9859-9DCD2AE56B3D}.Debug|Any CPU.ActiveCfg = Debug|Any CPU
		{9F5C4FAF-1033-4FA4-9859-9DCD2AE56B3D}.Debug|Any CPU.Build.0 = Debug|Any CPU
		{9F5C4FAF-1033-4FA4-9859-9DCD2AE56B3D}.Release|Any CPU.ActiveCfg = Release|Any CPU
		{9F5C4FAF-1033-4FA4-9859-9DCD2AE56B3D}.Release|Any CPU.Build.0 = Release|Any CPU
		{5A63C052-1764-4A2C-8889-DCD784DDE630}.Debug|Any CPU.ActiveCfg = Debug|Any CPU
		{5A63C052-1764-4A2C-8889-DCD784DDE630}.Debug|Any CPU.Build.0 = Debug|Any CPU
		{5A63C052-1764-4A2C-8889-DCD784DDE630}.Release|Any CPU.ActiveCfg = Release|Any CPU
		{5A63C052-1764-4A2C-8889-DCD784DDE630}.Release|Any CPU.Build.0 = Release|Any CPU
		{5261E790-9604-4686-9B81-F78C21F5A262}.Debug|Any CPU.ActiveCfg = Debug|Any CPU
		{5261E790-9604-4686-9B81-F78C21F5A262}.Debug|Any CPU.Build.0 = Debug|Any CPU
		{5261E790-9604-4686-9B81-F78C21F5A262}.Release|Any CPU.ActiveCfg = Release|Any CPU
		{5261E790-9604-4686-9B81-F78C21F5A262}.Release|Any CPU.Build.0 = Release|Any CPU
		{059203B9-0CA0-4140-920B-0699593FD4DB}.Debug|Any CPU.ActiveCfg = Debug|Any CPU
		{059203B9-0CA0-4140-920B-0699593FD4DB}.Debug|Any CPU.Build.0 = Debug|Any CPU
		{059203B9-0CA0-4140-920B-0699593FD4DB}.Release|Any CPU.ActiveCfg = Release|Any CPU
		{059203B9-0CA0-4140-920B-0699593FD4DB}.Release|Any CPU.Build.0 = Release|Any CPU
		{C4656491-179E-4668-93B0-06C202F621F1}.Debug|Any CPU.ActiveCfg = Debug|Any CPU
		{C4656491-179E-4668-93B0-06C202F621F1}.Debug|Any CPU.Build.0 = Debug|Any CPU
		{C4656491-179E-4668-93B0-06C202F621F1}.Release|Any CPU.ActiveCfg = Release|Any CPU
		{C4656491-179E-4668-93B0-06C202F621F1}.Release|Any CPU.Build.0 = Release|Any CPU
		{E8E71042-6D59-4BC1-A5DF-FBB4B4223C2E}.Debug|Any CPU.ActiveCfg = Debug|Any CPU
		{E8E71042-6D59-4BC1-A5DF-FBB4B4223C2E}.Debug|Any CPU.Build.0 = Debug|Any CPU
		{E8E71042-6D59-4BC1-A5DF-FBB4B4223C2E}.Release|Any CPU.ActiveCfg = Release|Any CPU
		{E8E71042-6D59-4BC1-A5DF-FBB4B4223C2E}.Release|Any CPU.Build.0 = Release|Any CPU
		{51CD2C1E-9E91-428F-823C-710BF67D71E7}.Debug|Any CPU.ActiveCfg = Debug|Any CPU
		{51CD2C1E-9E91-428F-823C-710BF67D71E7}.Debug|Any CPU.Build.0 = Debug|Any CPU
		{51CD2C1E-9E91-428F-823C-710BF67D71E7}.Release|Any CPU.ActiveCfg = Release|Any CPU
		{51CD2C1E-9E91-428F-823C-710BF67D71E7}.Release|Any CPU.Build.0 = Release|Any CPU
		{39A4DD2C-A71C-49C6-B772-0151D389AE39}.Debug|Any CPU.ActiveCfg = Debug|Any CPU
		{39A4DD2C-A71C-49C6-B772-0151D389AE39}.Debug|Any CPU.Build.0 = Debug|Any CPU
		{39A4DD2C-A71C-49C6-B772-0151D389AE39}.Release|Any CPU.ActiveCfg = Release|Any CPU
		{39A4DD2C-A71C-49C6-B772-0151D389AE39}.Release|Any CPU.Build.0 = Release|Any CPU
		{34441D3D-9AE8-41A1-BCB5-AF3DFD3CA1CF}.Debug|Any CPU.ActiveCfg = Debug|Any CPU
		{34441D3D-9AE8-41A1-BCB5-AF3DFD3CA1CF}.Debug|Any CPU.Build.0 = Debug|Any CPU
		{34441D3D-9AE8-41A1-BCB5-AF3DFD3CA1CF}.Release|Any CPU.ActiveCfg = Release|Any CPU
		{34441D3D-9AE8-41A1-BCB5-AF3DFD3CA1CF}.Release|Any CPU.Build.0 = Release|Any CPU
		{A88AD5E8-6FA1-4DB1-B773-A8ECAE97DEB1}.Debug|Any CPU.ActiveCfg = Debug|Any CPU
		{A88AD5E8-6FA1-4DB1-B773-A8ECAE97DEB1}.Debug|Any CPU.Build.0 = Debug|Any CPU
		{A88AD5E8-6FA1-4DB1-B773-A8ECAE97DEB1}.Release|Any CPU.ActiveCfg = Release|Any CPU
		{A88AD5E8-6FA1-4DB1-B773-A8ECAE97DEB1}.Release|Any CPU.Build.0 = Release|Any CPU
		{613F16C4-3C7A-40CF-881C-2AC37E03CFFD}.Debug|Any CPU.ActiveCfg = Debug|Any CPU
		{613F16C4-3C7A-40CF-881C-2AC37E03CFFD}.Debug|Any CPU.Build.0 = Debug|Any CPU
		{613F16C4-3C7A-40CF-881C-2AC37E03CFFD}.Release|Any CPU.ActiveCfg = Release|Any CPU
		{613F16C4-3C7A-40CF-881C-2AC37E03CFFD}.Release|Any CPU.Build.0 = Release|Any CPU
		{7E26895C-7C06-49ED-8999-75F268A066C3}.Debug|Any CPU.ActiveCfg = Debug|Any CPU
		{7E26895C-7C06-49ED-8999-75F268A066C3}.Debug|Any CPU.Build.0 = Debug|Any CPU
		{7E26895C-7C06-49ED-8999-75F268A066C3}.Release|Any CPU.ActiveCfg = Release|Any CPU
		{7E26895C-7C06-49ED-8999-75F268A066C3}.Release|Any CPU.Build.0 = Release|Any CPU
		{F76D3DF3-CAC8-44EB-A7CA-872C8BEF9B95}.Debug|Any CPU.ActiveCfg = Debug|Any CPU
		{F76D3DF3-CAC8-44EB-A7CA-872C8BEF9B95}.Debug|Any CPU.Build.0 = Debug|Any CPU
		{F76D3DF3-CAC8-44EB-A7CA-872C8BEF9B95}.Release|Any CPU.ActiveCfg = Release|Any CPU
		{F76D3DF3-CAC8-44EB-A7CA-872C8BEF9B95}.Release|Any CPU.Build.0 = Release|Any CPU
		{1A572052-3243-4516-ACAE-890FC1FDB1ED}.Debug|Any CPU.ActiveCfg = Debug|Any CPU
		{1A572052-3243-4516-ACAE-890FC1FDB1ED}.Debug|Any CPU.Build.0 = Debug|Any CPU
		{1A572052-3243-4516-ACAE-890FC1FDB1ED}.Release|Any CPU.ActiveCfg = Release|Any CPU
		{1A572052-3243-4516-ACAE-890FC1FDB1ED}.Release|Any CPU.Build.0 = Release|Any CPU
		{B7762CFA-B32D-42E8-97D4-126829A894BD}.Debug|Any CPU.ActiveCfg = Debug|Any CPU
		{B7762CFA-B32D-42E8-97D4-126829A894BD}.Debug|Any CPU.Build.0 = Debug|Any CPU
		{B7762CFA-B32D-42E8-97D4-126829A894BD}.Release|Any CPU.ActiveCfg = Release|Any CPU
		{B7762CFA-B32D-42E8-97D4-126829A894BD}.Release|Any CPU.Build.0 = Release|Any CPU
		{6D58A9B7-1842-4CFC-A866-010C97730F46}.Debug|Any CPU.ActiveCfg = Debug|Any CPU
		{6D58A9B7-1842-4CFC-A866-010C97730F46}.Debug|Any CPU.Build.0 = Debug|Any CPU
		{6D58A9B7-1842-4CFC-A866-010C97730F46}.Release|Any CPU.ActiveCfg = Release|Any CPU
		{6D58A9B7-1842-4CFC-A866-010C97730F46}.Release|Any CPU.Build.0 = Release|Any CPU
	EndGlobalSection
	GlobalSection(SolutionProperties) = preSolution
		HideSolutionNode = FALSE
	EndGlobalSection
	GlobalSection(NestedProjects) = preSolution
		{58C4B03A-8144-467E-A005-F349F216C304} = {AEC9FE4F-0DA7-4411-B3DC-FBFE4429D6B4}
		{FB533DB3-1B57-49C9-8853-2E0A4457D7E3} = {AEC9FE4F-0DA7-4411-B3DC-FBFE4429D6B4}
		{9F5C4FAF-1033-4FA4-9859-9DCD2AE56B3D} = {12CF6A55-5D25-4BC6-A35F-A49A4D9B17A5}
		{5A63C052-1764-4A2C-8889-DCD784DDE630} = {961886B6-69FC-437D-AEA0-8BB9096B6E01}
		{5261E790-9604-4686-9B81-F78C21F5A262} = {AEC9FE4F-0DA7-4411-B3DC-FBFE4429D6B4}
		{059203B9-0CA0-4140-920B-0699593FD4DB} = {AEC9FE4F-0DA7-4411-B3DC-FBFE4429D6B4}
		{C4656491-179E-4668-93B0-06C202F621F1} = {AEC9FE4F-0DA7-4411-B3DC-FBFE4429D6B4}
		{E8E71042-6D59-4BC1-A5DF-FBB4B4223C2E} = {961886B6-69FC-437D-AEA0-8BB9096B6E01}
		{51CD2C1E-9E91-428F-823C-710BF67D71E7} = {961886B6-69FC-437D-AEA0-8BB9096B6E01}
		{39A4DD2C-A71C-49C6-B772-0151D389AE39} = {12CF6A55-5D25-4BC6-A35F-A49A4D9B17A5}
		{34441D3D-9AE8-41A1-BCB5-AF3DFD3CA1CF} = {12CF6A55-5D25-4BC6-A35F-A49A4D9B17A5}
		{A88AD5E8-6FA1-4DB1-B773-A8ECAE97DEB1} = {961886B6-69FC-437D-AEA0-8BB9096B6E01}
		{613F16C4-3C7A-40CF-881C-2AC37E03CFFD} = {961886B6-69FC-437D-AEA0-8BB9096B6E01}
		{7E26895C-7C06-49ED-8999-75F268A066C3} = {961886B6-69FC-437D-AEA0-8BB9096B6E01}
		{F76D3DF3-CAC8-44EB-A7CA-872C8BEF9B95} = {12CF6A55-5D25-4BC6-A35F-A49A4D9B17A5}
		{1A572052-3243-4516-ACAE-890FC1FDB1ED} = {961886B6-69FC-437D-AEA0-8BB9096B6E01}
		{B7762CFA-B32D-42E8-97D4-126829A894BD} = {961886B6-69FC-437D-AEA0-8BB9096B6E01}
		{6D58A9B7-1842-4CFC-A866-010C97730F46} = {12CF6A55-5D25-4BC6-A35F-A49A4D9B17A5}
	EndGlobalSection
EndGlobal
