
Microsoft Visual Studio Solution File, Format Version 12.00
# Visual Studio Version 17
VisualStudioVersion = 17.12.35527.113
MinimumVisualStudioVersion = 10.0.40219.1
Project("{FAE04EC0-301F-11D3-BF4B-00C04F79EFBC}") = "Singleton", "Singleton\Singleton.csproj", "{58C4B03A-8144-467E-A005-F349F216C304}"
EndProject
Project("{FAE04EC0-301F-11D3-BF4B-00C04F79EFBC}") = "FactoryMethod", "..\FactoryMethod\FactoryMethod.csproj", "{FB533DB3-1B57-49C9-8853-2E0A4457D7E3}"
EndProject
Project("{FAE04EC0-301F-11D3-BF4B-00C04F79EFBC}") = "Decorator", "..\..\StructuralPatterns\Decorator\Decorator.csproj", "{9F5C4FAF-1033-4FA4-9859-9DCD2AE56B3D}"
EndProject
Project("{FAE04EC0-301F-11D3-BF4B-00C04F79EFBC}") = "StrategyPattern", "Strategy\StrategyPattern.csproj", "{5A63C052-1764-4A2C-8889-DCD784DDE630}"
EndProject
Project("{FAE04EC0-301F-11D3-BF4B-00C04F79EFBC}") = "AbstractFactoryPattern", "..\AbstractFactoryPattern\AbstractFactoryPattern.csproj", "{5261E790-9604-4686-9B81-F78C21F5A262}"
EndProject
Project("{FAE04EC0-301F-11D3-BF4B-00C04F79EFBC}") = "Builder", "..\Builder\Builder.csproj", "{059203B9-0CA0-4140-920B-0699593FD4DB}"
EndProject
Project("{2150E333-8FDC-42A3-9474-1A3956D46DE8}") = "CreationalPatterns", "CreationalPatterns", "{AEC9FE4F-0DA7-4411-B3DC-FBFE4429D6B4}"
EndProject
Project("{2150E333-8FDC-42A3-9474-1A3956D46DE8}") = "BehavioralPatterns", "BehavioralPatterns", "{961886B6-69FC-437D-AEA0-8BB9096B6E01}"
EndProject
Project("{2150E333-8FDC-42A3-9474-1A3956D46DE8}") = "StructuralPatterns", "StructuralPatterns", "{12CF6A55-5D25-4BC6-A35F-A49A4D9B17A5}"
EndProject
Global
	GlobalSection(SolutionConfigurationPlatforms) = preSolution
		Debug|Any CPU = Debug|Any CPU
		Release|Any CPU = Release|Any CPU
	EndGlobalSection
	GlobalSection(ProjectConfigurationPlatforms) = postSolution
		{58C4B03A-8144-467E-A005-F349F216C304}.Debug|Any CPU.ActiveCfg = Debug|Any CPU
		{58C4B03A-8144-467E-A005-F349F216C304}.Debug|Any CPU.Build.0 = Debug|Any CPU
		{58C4B03A-8144-467E-A005-F349F216C304}.Release|Any CPU.ActiveCfg = Release|Any CPU
		{58C4B03A-8144-467E-A005-F349F216C304}.Release|Any CPU.Build.0 = Release|Any CPU
		{FB533DB3-1B57-49C9-8853-2E0A4457D7E3}.Debug|Any CPU.ActiveCfg = Debug|Any CPU
		{FB533DB3-1B57-49C9-8853-2E0A4457D7E3}.Debug|Any CPU.Build.0 = Debug|Any CPU
		{FB533DB3-1B57-49C9-8853-2E0A4457D7E3}.Release|Any CPU.ActiveCfg = Release|Any CPU
		{FB533DB3-1B57-49C9-8853-2E0A4457D7E3}.Release|Any CPU.Build.0 = Release|Any CPU
		{9F5C4FAF-1033-4FA4-9859-9DCD2AE56B3D}.Debug|Any CPU.ActiveCfg = Debug|Any CPU
		{9F5C4FAF-1033-4FA4-9859-9DCD2AE56B3D}.Debug|Any CPU.Build.0 = Debug|Any CPU
		{9F5C4FAF-1033-4FA4-9859-9DCD2AE56B3D}.Release|Any CPU.ActiveCfg = Release|Any CPU
		{9F5C4FAF-1033-4FA4-9859-9DCD2AE56B3D}.Release|Any CPU.Build.0 = Release|Any CPU
		{5A63C052-1764-4A2C-8889-DCD784DDE630}.Debug|Any CPU.ActiveCfg = Debug|Any CPU
		{5A63C052-1764-4A2C-8889-DCD784DDE630}.Debug|Any CPU.Build.0 = Debug|Any CPU
		{5A63C052-1764-4A2C-8889-DCD784DDE630}.Release|Any CPU.ActiveCfg = Release|Any CPU
		{5A63C052-1764-4A2C-8889-DCD784DDE630}.Release|Any CPU.Build.0 = Release|Any CPU
		{5261E790-9604-4686-9B81-F78C21F5A262}.Debug|Any CPU.ActiveCfg = Debug|Any CPU
		{5261E790-9604-4686-9B81-F78C21F5A262}.Debug|Any CPU.Build.0 = Debug|Any CPU
		{5261E790-9604-4686-9B81-F78C21F5A262}.Release|Any CPU.ActiveCfg = Release|Any CPU
		{5261E790-9604-4686-9B81-F78C21F5A262}.Release|Any CPU.Build.0 = Release|Any CPU
		{059203B9-0CA0-4140-920B-0699593FD4DB}.Debug|Any CPU.ActiveCfg = Debug|Any CPU
		{059203B9-0CA0-4140-920B-0699593FD4DB}.Debug|Any CPU.Build.0 = Debug|Any CPU
		{059203B9-0CA0-4140-920B-0699593FD4DB}.Release|Any CPU.ActiveCfg = Release|Any CPU
		{059203B9-0CA0-4140-920B-0699593FD4DB}.Release|Any CPU.Build.0 = Release|Any CPU
	EndGlobalSection
	GlobalSection(SolutionProperties) = preSolution
		HideSolutionNode = FALSE
	EndGlobalSection
	GlobalSection(NestedProjects) = preSolution
		{58C4B03A-8144-467E-A005-F349F216C304} = {AEC9FE4F-0DA7-4411-B3DC-FBFE4429D6B4}
		{FB533DB3-1B57-49C9-8853-2E0A4457D7E3} = {AEC9FE4F-0DA7-4411-B3DC-FBFE4429D6B4}
		{9F5C4FAF-1033-4FA4-9859-9DCD2AE56B3D} = {12CF6A55-5D25-4BC6-A35F-A49A4D9B17A5}
		{5A63C052-1764-4A2C-8889-DCD784DDE630} = {961886B6-69FC-437D-AEA0-8BB9096B6E01}
		{5261E790-9604-4686-9B81-F78C21F5A262} = {AEC9FE4F-0DA7-4411-B3DC-FBFE4429D6B4}
		{059203B9-0CA0-4140-920B-0699593FD4DB} = {AEC9FE4F-0DA7-4411-B3DC-FBFE4429D6B4}
	EndGlobalSection
EndGlobal
